
Microsoft Visual Studio Solution File, Format Version 12.00
# Visual Studio Version 17
VisualStudioVersion = 17.8.34330.188
MinimumVisualStudioVersion = 10.0.40219.1
Project("{FAE04EC0-301F-11D3-BF4B-00C04F79EFBC}") = "EFRelations", "EFRelations.csproj", "{B0D02A92-1D34-49B1-9512-1B48E2B08195}"
EndProject
Global
	GlobalSection(SolutionConfigurationPlatforms) = preSolution
		Debug|Any CPU = Debug|Any CPU
		Release|Any CPU = Release|Any CPU
	EndGlobalSection
	GlobalSection(ProjectConfigurationPlatforms) = postSolution
		{B0D02A92-1D34-49B1-9512-1B48E2B08195}.Debug|Any CPU.ActiveCfg = Debug|Any CPU
		{B0D02A92-1D34-49B1-9512-1B48E2B08195}.Debug|Any CPU.Build.0 = Debug|Any CPU
		{B0D02A92-1D34-49B1-9512-1B48E2B08195}.Release|Any CPU.ActiveCfg = Release|Any CPU
		{B0D02A92-1D34-49B1-9512-1B48E2B08195}.Release|Any CPU.Build.0 = Release|Any CPU
	EndGlobalSection
	GlobalSection(SolutionProperties) = preSolution
		HideSolutionNode = FALSE
	EndGlobalSection
	GlobalSection(ExtensibilityGlobals) = postSolution
		SolutionGuid = {A75F0111-6DEB-42FA-812F-2EF901442865}
	EndGlobalSection
EndGlobal
